PODS:
  - UIDrawer (1.0)

DEPENDENCIES:
  - UIDrawer (from `https://github.com/Que20/UIDrawer.git`, tag `1.0`)

EXTERNAL SOURCES:
  UIDrawer:
    :git: https://github.com/Que20/UIDrawer.git
    :tag: '1.0'

CHECKOUT OPTIONS:
  UIDrawer:
    :git: https://github.com/Que20/UIDrawer.git
    :tag: '1.0'

SPEC CHECKSUMS:
  UIDrawer: 1bfbc152fee69f6809a41508000cf1b9bd4b1738

PODFILE CHECKSUM: df365c7f2e62a7bb4accbf328b77f60c5c4903ee

COCOAPODS: 1.8.4
