// !$*UTF8*$!
{
	archiveVersion = 1;
	classes = {
	};
	objectVersion = 51;
	objects = {

/* Begin PBXBuildFile section */
		7A08025323E1FA7C00FC4C08 /* TaskPickerViewController.swift in Sources */ = {isa = PBXBuildFile; fileRef = 7A08025223E1FA7C00FC4C08 /* TaskPickerViewController.swift */; };
		7A08029123E3648F00FC4C08 /* RoundLabel.swift in Sources */ = {isa = PBXBuildFile; fileRef = 7A08028F23E3648F00FC4C08 /* RoundLabel.swift */; };
		7A08029223E3648F00FC4C08 /* roundbutton.swift in Sources */ = {isa = PBXBuildFile; fileRef = 7A08029023E3648F00FC4C08 /* roundbutton.swift */; };
		7A804D1623E8ACE200D160D6 /* Gotham-Ultra.otf in Resources */ = {isa = PBXBuildFile; fileRef = 7A804D0D23E8ACE200D160D6 /* Gotham-Ultra.otf */; };
		7A804D1723E8ACE200D160D6 /* Gotham-Medium.otf in Resources */ = {isa = PBXBuildFile; fileRef = 7A804D0E23E8ACE200D160D6 /* Gotham-Medium.otf */; };
		7A804D1823E8ACE200D160D6 /* GothamNarrow-Book.otf in Resources */ = {isa = PBXBuildFile; fileRef = 7A804D0F23E8ACE200D160D6 /* GothamNarrow-Book.otf */; };
		7A804D1923E8ACE200D160D6 /* Gotham-Thin.otf in Resources */ = {isa = PBXBuildFile; fileRef = 7A804D1023E8ACE200D160D6 /* Gotham-Thin.otf */; };
		7A804D1A23E8ACE200D160D6 /* GothamNarrow-Thin.otf in Resources */ = {isa = PBXBuildFile; fileRef = 7A804D1123E8ACE200D160D6 /* GothamNarrow-Thin.otf */; };
		7A804D1B23E8ACE200D160D6 /* GothamNarrow-Ultra.otf in Resources */ = {isa = PBXBuildFile; fileRef = 7A804D1223E8ACE200D160D6 /* GothamNarrow-Ultra.otf */; };
		7A804D1C23E8ACE200D160D6 /* Gotham-Book.otf in Resources */ = {isa = PBXBuildFile; fileRef = 7A804D1323E8ACE200D160D6 /* Gotham-Book.otf */; };
		7A804D1D23E8ACE200D160D6 /* GothamNarrow-Black.otf in Resources */ = {isa = PBXBuildFile; fileRef = 7A804D1423E8ACE200D160D6 /* GothamNarrow-Black.otf */; };
		7A804D1E23E8ACE200D160D6 /* Gotham-Light.otf in Resources */ = {isa = PBXBuildFile; fileRef = 7A804D1523E8ACE200D160D6 /* Gotham-Light.otf */; };
		7A804D2023E9E25600D160D6 /* WeekStatsView.swift in Sources */ = {isa = PBXBuildFile; fileRef = 7A804D1F23E9E25600D160D6 /* WeekStatsView.swift */; };
		7AE6499623E091A600035262 /* AppDelegate.swift in Sources */ = {isa = PBXBuildFile; fileRef = 7AE6499523E091A600035262 /* AppDelegate.swift */; };
		7AE6499823E091A600035262 /* SceneDelegate.swift in Sources */ = {isa = PBXBuildFile; fileRef = 7AE6499723E091A600035262 /* SceneDelegate.swift */; };
		7AE6499A23E091A600035262 /* StatisticsViewController.swift in Sources */ = {isa = PBXBuildFile; fileRef = 7AE6499923E091A600035262 /* StatisticsViewController.swift */; };
		7AE6499C23E091A600035262 /* PomoViewController.swift in Sources */ = {isa = PBXBuildFile; fileRef = 7AE6499B23E091A600035262 /* PomoViewController.swift */; };
		7AE649A223E091A600035262 /* pomo.xcdatamodeld in Sources */ = {isa = PBXBuildFile; fileRef = 7AE649A023E091A600035262 /* pomo.xcdatamodeld */; };
		7AE649A423E091A700035262 /* Assets.xcassets in Resources */ = {isa = PBXBuildFile; fileRef = 7AE649A323E091A700035262 /* Assets.xcassets */; };
		7AE649A723E091A700035262 /* LaunchScreen.storyboard in Resources */ = {isa = PBXBuildFile; fileRef = 7AE649A523E091A700035262 /* LaunchScreen.storyboard */; };
		7AE649B223E091A700035262 /* pomoTests.swift in Sources */ = {isa = PBXBuildFile; fileRef = 7AE649B123E091A700035262 /* pomoTests.swift */; };
		7AE649BD23E0A22800035262 /* BaseTabBarController.swift in Sources */ = {isa = PBXBuildFile; fileRef = 7AE649BC23E0A22800035262 /* BaseTabBarController.swift */; };
		7AE649BF23E0A50B00035262 /* CustomColor.swift in Sources */ = {isa = PBXBuildFile; fileRef = 7AE649BE23E0A50B00035262 /* CustomColor.swift */; };
		7AE649C123E0A5AD00035262 /* ProgressBar.swift in Sources */ = {isa = PBXBuildFile; fileRef = 7AE649C023E0A5AD00035262 /* ProgressBar.swift */; };
		7AE649C523E0B5C900035262 /* CountdownTimer.swift in Sources */ = {isa = PBXBuildFile; fileRef = 7AE649C423E0B5C900035262 /* CountdownTimer.swift */; };
		C46E6B4B3CDF6C910D8DEB1A /* Pods_pomoTests.framework in Frameworks */ = {isa = PBXBuildFile; fileRef = F3EED0857CEECA859C4A0241 /* Pods_pomoTests.framework */; };
		DD61CDC2F0EA625556F625F5 /* Pods_pomo.framework in Frameworks */ = {isa = PBXBuildFile; fileRef = FDE8983FA0E66E2BD5B28CC0 /* Pods_pomo.framework */; };
		F85EE1E823E8784B00AC81C9 /* CloudKit.framework in Frameworks */ = {isa = PBXBuildFile; fileRef = F85EE1E723E8784B00AC81C9 /* CloudKit.framework */; };
		F8CD69DE23E1B1580013411F /* DayCell.swift in Sources */ = {isa = PBXBuildFile; fileRef = F8CD69DD23E1B1580013411F /* DayCell.swift */; };
		F8E3079923E1C65D00EFE453 /* DayViewController.swift in Sources */ = {isa = PBXBuildFile; fileRef = F8E3079823E1C65D00EFE453 /* DayViewController.swift */; };
		F8E3079B23E1CE6F00EFE453 /* SettingsViewController.swift in Sources */ = {isa = PBXBuildFile; fileRef = F8E3079A23E1CE6F00EFE453 /* SettingsViewController.swift */; };
		F8E3079D23E1D31900EFE453 /* SettingsCell.swift in Sources */ = {isa = PBXBuildFile; fileRef = F8E3079C23E1D31900EFE453 /* SettingsCell.swift */; };
		F8E3079F23E1DAE300EFE453 /* IntervalSettingsTableViewController.swift in Sources */ = {isa = PBXBuildFile; fileRef = F8E3079E23E1DAE300EFE453 /* IntervalSettingsTableViewController.swift */; };
		F8E307A123E1F3C500EFE453 /* TasksSettingsViewController.swift in Sources */ = {isa = PBXBuildFile; fileRef = F8E307A023E1F3C500EFE453 /* TasksSettingsViewController.swift */; };
		F8E307A323E1F72500EFE453 /* AddTaskViewController.swift in Sources */ = {isa = PBXBuildFile; fileRef = F8E307A223E1F72500EFE453 /* AddTaskViewController.swift */; };
		F8E307A623E2078300EFE453 /* Main.storyboard in Resources */ = {isa = PBXBuildFile; fileRef = F8E307A423E2078300EFE453 /* Main.storyboard */; };
		F8E307A823E214EA00EFE453 /* TaskCell.swift in Sources */ = {isa = PBXBuildFile; fileRef = F8E307A723E214EA00EFE453 /* TaskCell.swift */; };
/* End PBXBuildFile section */

/* Begin PBXContainerItemProxy section */
		7AE649AE23E091A700035262 /* PBXContainerItemProxy */ = {
			isa = PBXContainerItemProxy;
			containerPortal = 7AE6498A23E091A600035262 /* Project object */;
			proxyType = 1;
			remoteGlobalIDString = 7AE6499123E091A600035262;
			remoteInfo = pomo;
		};
/* End PBXContainerItemProxy section */

/* Begin PBXFileReference section */
		7A08025223E1FA7C00FC4C08 /* TaskPickerViewController.swift */ = {isa = PBXFileReference; lastKnownFileType = sourcecode.swift; path = TaskPickerViewController.swift; sourceTree = "<group>"; };
		7A08028F23E3648F00FC4C08 /* RoundLabel.swift */ = {isa = PBXFileReference; fileEncoding = 4; lastKnownFileType = sourcecode.swift; path = RoundLabel.swift; sourceTree = "<group>"; };
		7A08029023E3648F00FC4C08 /* roundbutton.swift */ = {isa = PBXFileReference; fileEncoding = 4; lastKnownFileType = sourcecode.swift; path = roundbutton.swift; sourceTree = "<group>"; };
		7A804D0D23E8ACE200D160D6 /* Gotham-Ultra.otf */ = {isa = PBXFileReference; lastKnownFileType = file; path = "Gotham-Ultra.otf"; sourceTree = "<group>"; };
		7A804D0E23E8ACE200D160D6 /* Gotham-Medium.otf */ = {isa = PBXFileReference; lastKnownFileType = file; path = "Gotham-Medium.otf"; sourceTree = "<group>"; };
		7A804D0F23E8ACE200D160D6 /* GothamNarrow-Book.otf */ = {isa = PBXFileReference; lastKnownFileType = file; path = "GothamNarrow-Book.otf"; sourceTree = "<group>"; };
		7A804D1023E8ACE200D160D6 /* Gotham-Thin.otf */ = {isa = PBXFileReference; lastKnownFileType = file; path = "Gotham-Thin.otf"; sourceTree = "<group>"; };
		7A804D1123E8ACE200D160D6 /* GothamNarrow-Thin.otf */ = {isa = PBXFileReference; lastKnownFileType = file; path = "GothamNarrow-Thin.otf"; sourceTree = "<group>"; };
		7A804D1223E8ACE200D160D6 /* GothamNarrow-Ultra.otf */ = {isa = PBXFileReference; lastKnownFileType = file; path = "GothamNarrow-Ultra.otf"; sourceTree = "<group>"; };
		7A804D1323E8ACE200D160D6 /* Gotham-Book.otf */ = {isa = PBXFileReference; lastKnownFileType = file; path = "Gotham-Book.otf"; sourceTree = "<group>"; };
		7A804D1423E8ACE200D160D6 /* GothamNarrow-Black.otf */ = {isa = PBXFileReference; lastKnownFileType = file; path = "GothamNarrow-Black.otf"; sourceTree = "<group>"; };
		7A804D1523E8ACE200D160D6 /* Gotham-Light.otf */ = {isa = PBXFileReference; lastKnownFileType = file; path = "Gotham-Light.otf"; sourceTree = "<group>"; };
		7A804D1F23E9E25600D160D6 /* WeekStatsView.swift */ = {isa = PBXFileReference; lastKnownFileType = sourcecode.swift; path = WeekStatsView.swift; sourceTree = "<group>"; };
		7AE6499223E091A600035262 /* pomo.app */ = {isa = PBXFileReference; explicitFileType = wrapper.application; includeInIndex = 0; path = pomo.app; sourceTree = BUILT_PRODUCTS_DIR; };
		7AE6499523E091A600035262 /* AppDelegate.swift */ = {isa = PBXFileReference; lastKnownFileType = sourcecode.swift; path = AppDelegate.swift; sourceTree = "<group>"; };
		7AE6499723E091A600035262 /* SceneDelegate.swift */ = {isa = PBXFileReference; lastKnownFileType = sourcecode.swift; path = SceneDelegate.swift; sourceTree = "<group>"; };
		7AE6499923E091A600035262 /* StatisticsViewController.swift */ = {isa = PBXFileReference; lastKnownFileType = sourcecode.swift; path = StatisticsViewController.swift; sourceTree = "<group>"; };
		7AE6499B23E091A600035262 /* PomoViewController.swift */ = {isa = PBXFileReference; lastKnownFileType = sourcecode.swift; path = PomoViewController.swift; sourceTree = "<group>"; };
		7AE649A123E091A600035262 /* pomo.xcdatamodel */ = {isa = PBXFileReference; lastKnownFileType = wrapper.xcdatamodel; path = pomo.xcdatamodel; sourceTree = "<group>"; };
		7AE649A323E091A700035262 /* Assets.xcassets */ = {isa = PBXFileReference; lastKnownFileType = folder.assetcatalog; path = Assets.xcassets; sourceTree = "<group>"; };
		7AE649A623E091A700035262 /* Base */ = {isa = PBXFileReference; lastKnownFileType = file.storyboard; name = Base; path = Base.lproj/LaunchScreen.storyboard; sourceTree = "<group>"; };
		7AE649A823E091A700035262 /* Info.plist */ = {isa = PBXFileReference; lastKnownFileType = text.plist.xml; path = Info.plist; sourceTree = "<group>"; };
		7AE649AD23E091A700035262 /* pomoTests.xctest */ = {isa = PBXFileReference; explicitFileType = wrapper.cfbundle; includeInIndex = 0; path = pomoTests.xctest; sourceTree = BUILT_PRODUCTS_DIR; };
		7AE649B123E091A700035262 /* pomoTests.swift */ = {isa = PBXFileReference; lastKnownFileType = sourcecode.swift; path = pomoTests.swift; sourceTree = "<group>"; };
		7AE649B323E091A700035262 /* Info.plist */ = {isa = PBXFileReference; lastKnownFileType = text.plist.xml; path = Info.plist; sourceTree = "<group>"; };
		7AE649BC23E0A22800035262 /* BaseTabBarController.swift */ = {isa = PBXFileReference; lastKnownFileType = sourcecode.swift; path = BaseTabBarController.swift; sourceTree = "<group>"; };
		7AE649BE23E0A50B00035262 /* CustomColor.swift */ = {isa = PBXFileReference; lastKnownFileType = sourcecode.swift; path = CustomColor.swift; sourceTree = "<group>"; };
		7AE649C023E0A5AD00035262 /* ProgressBar.swift */ = {isa = PBXFileReference; lastKnownFileType = sourcecode.swift; path = ProgressBar.swift; sourceTree = "<group>"; };
		7AE649C423E0B5C900035262 /* CountdownTimer.swift */ = {isa = PBXFileReference; lastKnownFileType = sourcecode.swift; path = CountdownTimer.swift; sourceTree = "<group>"; };
		8391444D82A44CB29E0452CF /* Pods-pomoTests.release.xcconfig */ = {isa = PBXFileReference; includeInIndex = 1; lastKnownFileType = text.xcconfig; name = "Pods-pomoTests.release.xcconfig"; path = "Target Support Files/Pods-pomoTests/Pods-pomoTests.release.xcconfig"; sourceTree = "<group>"; };
		87AF731DACF19667EC88B01C /* Pods-pomo.debug.xcconfig */ = {isa = PBXFileReference; includeInIndex = 1; lastKnownFileType = text.xcconfig; name = "Pods-pomo.debug.xcconfig"; path = "Target Support Files/Pods-pomo/Pods-pomo.debug.xcconfig"; sourceTree = "<group>"; };
		C826D234AB3B7581218977B2 /* Pods-pomoTests.debug.xcconfig */ = {isa = PBXFileReference; includeInIndex = 1; lastKnownFileType = text.xcconfig; name = "Pods-pomoTests.debug.xcconfig"; path = "Target Support Files/Pods-pomoTests/Pods-pomoTests.debug.xcconfig"; sourceTree = "<group>"; };
		D2BA74F2A45C5FE8533B8960 /* Pods-pomo.release.xcconfig */ = {isa = PBXFileReference; includeInIndex = 1; lastKnownFileType = text.xcconfig; name = "Pods-pomo.release.xcconfig"; path = "Target Support Files/Pods-pomo/Pods-pomo.release.xcconfig"; sourceTree = "<group>"; };
		F3EED0857CEECA859C4A0241 /* Pods_pomoTests.framework */ = {isa = PBXFileReference; explicitFileType = wrapper.framework; includeInIndex = 0; path = Pods_pomoTests.framework; sourceTree = BUILT_PRODUCTS_DIR; };
		F805B20723E795F700AA7F4C /* pomo.entitlements */ = {isa = PBXFileReference; lastKnownFileType = text.plist.entitlements; path = pomo.entitlements; sourceTree = "<group>"; };
		F85EE1E723E8784B00AC81C9 /* CloudKit.framework */ = {isa = PBXFileReference; lastKnownFileType = wrapper.framework; name = CloudKit.framework; path = System/Library/Frameworks/CloudKit.framework; sourceTree = SDKROOT; };
		F8CD69DD23E1B1580013411F /* DayCell.swift */ = {isa = PBXFileReference; lastKnownFileType = sourcecode.swift; path = DayCell.swift; sourceTree = "<group>"; };
		F8E3079823E1C65D00EFE453 /* DayViewController.swift */ = {isa = PBXFileReference; lastKnownFileType = sourcecode.swift; path = DayViewController.swift; sourceTree = "<group>"; };
		F8E3079A23E1CE6F00EFE453 /* SettingsViewController.swift */ = {isa = PBXFileReference; lastKnownFileType = sourcecode.swift; path = SettingsViewController.swift; sourceTree = "<group>"; };
		F8E3079C23E1D31900EFE453 /* SettingsCell.swift */ = {isa = PBXFileReference; lastKnownFileType = sourcecode.swift; path = SettingsCell.swift; sourceTree = "<group>"; };
		F8E3079E23E1DAE300EFE453 /* IntervalSettingsTableViewController.swift */ = {isa = PBXFileReference; lastKnownFileType = sourcecode.swift; path = IntervalSettingsTableViewController.swift; sourceTree = "<group>"; };
		F8E307A023E1F3C500EFE453 /* TasksSettingsViewController.swift */ = {isa = PBXFileReference; lastKnownFileType = sourcecode.swift; path = TasksSettingsViewController.swift; sourceTree = "<group>"; };
		F8E307A223E1F72500EFE453 /* AddTaskViewController.swift */ = {isa = PBXFileReference; lastKnownFileType = sourcecode.swift; path = AddTaskViewController.swift; sourceTree = "<group>"; };
		F8E307A523E2078300EFE453 /* Base */ = {isa = PBXFileReference; lastKnownFileType = file.storyboard; name = Base; path = Base.lproj/Main.storyboard; sourceTree = "<group>"; };
		F8E307A723E214EA00EFE453 /* TaskCell.swift */ = {isa = PBXFileReference; lastKnownFileType = sourcecode.swift; path = TaskCell.swift; sourceTree = "<group>"; };
		FDE8983FA0E66E2BD5B28CC0 /* Pods_pomo.framework */ = {isa = PBXFileReference; explicitFileType = wrapper.framework; includeInIndex = 0; path = Pods_pomo.framework; sourceTree = BUILT_PRODUCTS_DIR; };
/* End PBXFileReference section */

/* Begin PBXFrameworksBuildPhase section */
		7AE6498F23E091A600035262 /* Frameworks */ = {
			isa = PBXFrameworksBuildPhase;
			buildActionMask = 2147483647;
			files = (
				F85EE1E823E8784B00AC81C9 /* CloudKit.framework in Frameworks */,
				DD61CDC2F0EA625556F625F5 /* Pods_pomo.framework in Frameworks */,
			);
			runOnlyForDeploymentPostprocessing = 0;
		};
		7AE649AA23E091A700035262 /* Frameworks */ = {
			isa = PBXFrameworksBuildPhase;
			buildActionMask = 2147483647;
			files = (
				C46E6B4B3CDF6C910D8DEB1A /* Pods_pomoTests.framework in Frameworks */,
			);
			runOnlyForDeploymentPostprocessing = 0;
		};
/* End PBXFrameworksBuildPhase section */

/* Begin PBXGroup section */
		73DA23CF20B3AB9E5AFFE6B1 /* Pods */ = {
			isa = PBXGroup;
			children = (
				87AF731DACF19667EC88B01C /* Pods-pomo.debug.xcconfig */,
				D2BA74F2A45C5FE8533B8960 /* Pods-pomo.release.xcconfig */,
				C826D234AB3B7581218977B2 /* Pods-pomoTests.debug.xcconfig */,
				8391444D82A44CB29E0452CF /* Pods-pomoTests.release.xcconfig */,
			);
			path = Pods;
			sourceTree = "<group>";
		};
		7A08028E23E3644600FC4C08 /* Button_Label_Round */ = {
			isa = PBXGroup;
			children = (
				7A08029023E3648F00FC4C08 /* roundbutton.swift */,
				7A08028F23E3648F00FC4C08 /* RoundLabel.swift */,
			);
			path = Button_Label_Round;
			sourceTree = "<group>";
		};
		7A804D0C23E8ABC000D160D6 /* Fonts */ = {
			isa = PBXGroup;
			children = (
				7A804D1323E8ACE200D160D6 /* Gotham-Book.otf */,
				7A804D1523E8ACE200D160D6 /* Gotham-Light.otf */,
				7A804D0E23E8ACE200D160D6 /* Gotham-Medium.otf */,
				7A804D1023E8ACE200D160D6 /* Gotham-Thin.otf */,
				7A804D0D23E8ACE200D160D6 /* Gotham-Ultra.otf */,
				7A804D1423E8ACE200D160D6 /* GothamNarrow-Black.otf */,
				7A804D0F23E8ACE200D160D6 /* GothamNarrow-Book.otf */,
				7A804D1123E8ACE200D160D6 /* GothamNarrow-Thin.otf */,
				7A804D1223E8ACE200D160D6 /* GothamNarrow-Ultra.otf */,
			);
			path = Fonts;
			sourceTree = "<group>";
		};
		7AE6498923E091A600035262 = {
			isa = PBXGroup;
			children = (
				7AE6499423E091A600035262 /* pomo */,
				7AE649B023E091A700035262 /* pomoTests */,
				7AE6499323E091A600035262 /* Products */,
				F85EE1E623E8784B00AC81C9 /* Frameworks */,
				73DA23CF20B3AB9E5AFFE6B1 /* Pods */,
			);
			sourceTree = "<group>";
		};
		7AE6499323E091A600035262 /* Products */ = {
			isa = PBXGroup;
			children = (
				7AE6499223E091A600035262 /* pomo.app */,
				7AE649AD23E091A700035262 /* pomoTests.xctest */,
			);
			name = Products;
			sourceTree = "<group>";
		};
		7AE6499423E091A600035262 /* pomo */ = {
			isa = PBXGroup;
			children = (
				7A804D0C23E8ABC000D160D6 /* Fonts */,
				F805B20723E795F700AA7F4C /* pomo.entitlements */,
				7A08028E23E3644600FC4C08 /* Button_Label_Round */,
				F8E307A423E2078300EFE453 /* Main.storyboard */,
				7AE6499523E091A600035262 /* AppDelegate.swift */,
				7AE6499B23E091A600035262 /* PomoViewController.swift */,
				7AE6499723E091A600035262 /* SceneDelegate.swift */,
				7AE649C023E0A5AD00035262 /* ProgressBar.swift */,
				7AE649BE23E0A50B00035262 /* CustomColor.swift */,
				7AE649A323E091A700035262 /* Assets.xcassets */,
				7AE6499923E091A600035262 /* StatisticsViewController.swift */,
				7AE649A523E091A700035262 /* LaunchScreen.storyboard */,
				7AE649A823E091A700035262 /* Info.plist */,
				7AE649A023E091A600035262 /* pomo.xcdatamodeld */,
				7AE649BC23E0A22800035262 /* BaseTabBarController.swift */,
				7AE649C423E0B5C900035262 /* CountdownTimer.swift */,
				F8CD69DD23E1B1580013411F /* DayCell.swift */,
				F8E3079823E1C65D00EFE453 /* DayViewController.swift */,
				F8E3079A23E1CE6F00EFE453 /* SettingsViewController.swift */,
				F8E3079C23E1D31900EFE453 /* SettingsCell.swift */,
				F8E3079E23E1DAE300EFE453 /* IntervalSettingsTableViewController.swift */,
				F8E307A023E1F3C500EFE453 /* TasksSettingsViewController.swift */,
				F8E307A223E1F72500EFE453 /* AddTaskViewController.swift */,
				F8E307A723E214EA00EFE453 /* TaskCell.swift */,
				7A08025223E1FA7C00FC4C08 /* TaskPickerViewController.swift */,
				7A804D1F23E9E25600D160D6 /* WeekStatsView.swift */,
			);
			path = pomo;
			sourceTree = "<group>";
		};
		7AE649B023E091A700035262 /* pomoTests */ = {
			isa = PBXGroup;
			children = (
				7AE649B123E091A700035262 /* pomoTests.swift */,
				7AE649B323E091A700035262 /* Info.plist */,
			);
			path = pomoTests;
			sourceTree = "<group>";
		};
		F85EE1E623E8784B00AC81C9 /* Frameworks */ = {
			isa = PBXGroup;
			children = (
				F85EE1E723E8784B00AC81C9 /* CloudKit.framework */,
				FDE8983FA0E66E2BD5B28CC0 /* Pods_pomo.framework */,
				F3EED0857CEECA859C4A0241 /* Pods_pomoTests.framework */,
			);
			name = Frameworks;
			sourceTree = "<group>";
		};
/* End PBXGroup section */

/* Begin PBXNativeTarget section */
		7AE6499123E091A600035262 /* pomo */ = {
			isa = PBXNativeTarget;
			buildConfigurationList = 7AE649B623E091A700035262 /* Build configuration list for PBXNativeTarget "pomo" */;
			buildPhases = (
				8687EB39F2FCAB7D80146D50 /* [CP] Check Pods Manifest.lock */,
				7AE6498E23E091A600035262 /* Sources */,
				7AE6498F23E091A600035262 /* Frameworks */,
				7AE6499023E091A600035262 /* Resources */,
				5D0161896DED33B5AF50682D /* [CP] Embed Pods Frameworks */,
			);
			buildRules = (
			);
			dependencies = (
			);
			name = pomo;
			productName = pomo;
			productReference = 7AE6499223E091A600035262 /* pomo.app */;
			productType = "com.apple.product-type.application";
		};
		7AE649AC23E091A700035262 /* pomoTests */ = {
			isa = PBXNativeTarget;
			buildConfigurationList = 7AE649B923E091A700035262 /* Build configuration list for PBXNativeTarget "pomoTests" */;
			buildPhases = (
				C459937B0DE453E03F5934E1 /* [CP] Check Pods Manifest.lock */,
				7AE649A923E091A700035262 /* Sources */,
				7AE649AA23E091A700035262 /* Frameworks */,
				7AE649AB23E091A700035262 /* Resources */,
			);
			buildRules = (
			);
			dependencies = (
				7AE649AF23E091A700035262 /* PBXTargetDependency */,
			);
			name = pomoTests;
			productName = pomoTests;
			productReference = 7AE649AD23E091A700035262 /* pomoTests.xctest */;
			productType = "com.apple.product-type.bundle.unit-test";
		};
/* End PBXNativeTarget section */

/* Begin PBXProject section */
		7AE6498A23E091A600035262 /* Project object */ = {
			isa = PBXProject;
			attributes = {
				LastSwiftUpdateCheck = 1130;
				LastUpgradeCheck = 1130;
				ORGANIZATIONNAME = "Egon Manya";
				TargetAttributes = {
					7AE6499123E091A600035262 = {
						CreatedOnToolsVersion = 11.3.1;
					};
					7AE649AC23E091A700035262 = {
						CreatedOnToolsVersion = 11.3.1;
						TestTargetID = 7AE6499123E091A600035262;
					};
				};
			};
			buildConfigurationList = 7AE6498D23E091A600035262 /* Build configuration list for PBXProject "pomo" */;
			compatibilityVersion = "Xcode 9.3";
			developmentRegion = en;
			hasScannedForEncodings = 0;
			knownRegions = (
				en,
				Base,
			);
			mainGroup = 7AE6498923E091A600035262;
			productRefGroup = 7AE6499323E091A600035262 /* Products */;
			projectDirPath = "";
			projectRoot = "";
			targets = (
				7AE6499123E091A600035262 /* pomo */,
				7AE649AC23E091A700035262 /* pomoTests */,
			);
		};
/* End PBXProject section */

/* Begin PBXResourcesBuildPhase section */
		7AE6499023E091A600035262 /* Resources */ = {
			isa = PBXResourcesBuildPhase;
			buildActionMask = 2147483647;
			files = (
				7A804D1623E8ACE200D160D6 /* Gotham-Ultra.otf in Resources */,
				7A804D1923E8ACE200D160D6 /* Gotham-Thin.otf in Resources */,
				7A804D1C23E8ACE200D160D6 /* Gotham-Book.otf in Resources */,
				7A804D1B23E8ACE200D160D6 /* GothamNarrow-Ultra.otf in Resources */,
				F8E307A623E2078300EFE453 /* Main.storyboard in Resources */,
				7AE649A723E091A700035262 /* LaunchScreen.storyboard in Resources */,
				7AE649A423E091A700035262 /* Assets.xcassets in Resources */,
				7A804D1A23E8ACE200D160D6 /* GothamNarrow-Thin.otf in Resources */,
				7A804D1E23E8ACE200D160D6 /* Gotham-Light.otf in Resources */,
				7A804D1723E8ACE200D160D6 /* Gotham-Medium.otf in Resources */,
				7A804D1823E8ACE200D160D6 /* GothamNarrow-Book.otf in Resources */,
				7A804D1D23E8ACE200D160D6 /* GothamNarrow-Black.otf in Resources */,
			);
			runOnlyForDeploymentPostprocessing = 0;
		};
		7AE649AB23E091A700035262 /* Resources */ = {
			isa = PBXResourcesBuildPhase;
			buildActionMask = 2147483647;
			files = (
			);
			runOnlyForDeploymentPostprocessing = 0;
		};
/* End PBXResourcesBuildPhase section */

/* Begin PBXShellScriptBuildPhase section */
		5D0161896DED33B5AF50682D /* [CP] Embed Pods Frameworks */ = {
			isa = PBXShellScriptBuildPhase;
			buildActionMask = 2147483647;
			files = (
			);
			inputFileListPaths = (
				"${PODS_ROOT}/Target Support Files/Pods-pomo/Pods-pomo-frameworks-${CONFIGURATION}-input-files.xcfilelist",
			);
			name = "[CP] Embed Pods Frameworks";
			outputFileListPaths = (
				"${PODS_ROOT}/Target Support Files/Pods-pomo/Pods-pomo-frameworks-${CONFIGURATION}-output-files.xcfilelist",
			);
			runOnlyForDeploymentPostprocessing = 0;
			shellPath = /bin/sh;
			shellScript = "\"${PODS_ROOT}/Target Support Files/Pods-pomo/Pods-pomo-frameworks.sh\"\n";
			showEnvVarsInLog = 0;
		};
		8687EB39F2FCAB7D80146D50 /* [CP] Check Pods Manifest.lock */ = {
			isa = PBXShellScriptBuildPhase;
			buildActionMask = 2147483647;
			files = (
			);
			inputFileListPaths = (
			);
			inputPaths = (
				"${PODS_PODFILE_DIR_PATH}/Podfile.lock",
				"${PODS_ROOT}/Manifest.lock",
			);
			name = "[CP] Check Pods Manifest.lock";
			outputFileListPaths = (
			);
			outputPaths = (
				"$(DERIVED_FILE_DIR)/Pods-pomo-checkManifestLockResult.txt",
			);
			runOnlyForDeploymentPostprocessing = 0;
			shellPath = /bin/sh;
			shellScript = "diff \"${PODS_PODFILE_DIR_PATH}/Podfile.lock\" \"${PODS_ROOT}/Manifest.lock\" > /dev/null\nif [ $? != 0 ] ; then\n    # print error to STDERR\n    echo \"error: The sandbox is not in sync with the Podfile.lock. Run 'pod install' or update your CocoaPods installation.\" >&2\n    exit 1\nfi\n# This output is used by Xcode 'outputs' to avoid re-running this script phase.\necho \"SUCCESS\" > \"${SCRIPT_OUTPUT_FILE_0}\"\n";
			showEnvVarsInLog = 0;
		};
		C459937B0DE453E03F5934E1 /* [CP] Check Pods Manifest.lock */ = {
			isa = PBXShellScriptBuildPhase;
			buildActionMask = 2147483647;
			files = (
			);
			inputFileListPaths = (
			);
			inputPaths = (
				"${PODS_PODFILE_DIR_PATH}/Podfile.lock",
				"${PODS_ROOT}/Manifest.lock",
			);
			name = "[CP] Check Pods Manifest.lock";
			outputFileListPaths = (
			);
			outputPaths = (
				"$(DERIVED_FILE_DIR)/Pods-pomoTests-checkManifestLockResult.txt",
			);
			runOnlyForDeploymentPostprocessing = 0;
			shellPath = /bin/sh;
			shellScript = "diff \"${PODS_PODFILE_DIR_PATH}/Podfile.lock\" \"${PODS_ROOT}/Manifest.lock\" > /dev/null\nif [ $? != 0 ] ; then\n    # print error to STDERR\n    echo \"error: The sandbox is not in sync with the Podfile.lock. Run 'pod install' or update your CocoaPods installation.\" >&2\n    exit 1\nfi\n# This output is used by Xcode 'outputs' to avoid re-running this script phase.\necho \"SUCCESS\" > \"${SCRIPT_OUTPUT_FILE_0}\"\n";
			showEnvVarsInLog = 0;
		};
/* End PBXShellScriptBuildPhase section */

/* Begin PBXSourcesBuildPhase section */
		7AE6498E23E091A600035262 /* Sources */ = {
			isa = PBXSourcesBuildPhase;
			buildActionMask = 2147483647;
			files = (
				7AE6499C23E091A600035262 /* PomoViewController.swift in Sources */,
				F8E307A823E214EA00EFE453 /* TaskCell.swift in Sources */,
				F8E307A323E1F72500EFE453 /* AddTaskViewController.swift in Sources */,
				7AE649BF23E0A50B00035262 /* CustomColor.swift in Sources */,
				7A08029223E3648F00FC4C08 /* roundbutton.swift in Sources */,
				7A08029123E3648F00FC4C08 /* RoundLabel.swift in Sources */,
				F8E3079923E1C65D00EFE453 /* DayViewController.swift in Sources */,
				7A804D2023E9E25600D160D6 /* WeekStatsView.swift in Sources */,
				F8CD69DE23E1B1580013411F /* DayCell.swift in Sources */,
				7A08025323E1FA7C00FC4C08 /* TaskPickerViewController.swift in Sources */,
				F8E3079D23E1D31900EFE453 /* SettingsCell.swift in Sources */,
				7AE649A223E091A600035262 /* pomo.xcdatamodeld in Sources */,
				7AE649BD23E0A22800035262 /* BaseTabBarController.swift in Sources */,
				7AE6499A23E091A600035262 /* StatisticsViewController.swift in Sources */,
				7AE649C523E0B5C900035262 /* CountdownTimer.swift in Sources */,
				F8E3079F23E1DAE300EFE453 /* IntervalSettingsTableViewController.swift in Sources */,
				7AE6499623E091A600035262 /* AppDelegate.swift in Sources */,
				7AE649C123E0A5AD00035262 /* ProgressBar.swift in Sources */,
				7AE6499823E091A600035262 /* SceneDelegate.swift in Sources */,
				F8E3079B23E1CE6F00EFE453 /* SettingsViewController.swift in Sources */,
				F8E307A123E1F3C500EFE453 /* TasksSettingsViewController.swift in Sources */,
			);
			runOnlyForDeploymentPostprocessing = 0;
		};
		7AE649A923E091A700035262 /* Sources */ = {
			isa = PBXSourcesBuildPhase;
			buildActionMask = 2147483647;
			files = (
				7AE649B223E091A700035262 /* pomoTests.swift in Sources */,
			);
			runOnlyForDeploymentPostprocessing = 0;
		};
/* End PBXSourcesBuildPhase section */

/* Begin PBXTargetDependency section */
		7AE649AF23E091A700035262 /* PBXTargetDependency */ = {
			isa = PBXTargetDependency;
			target = 7AE6499123E091A600035262 /* pomo */;
			targetProxy = 7AE649AE23E091A700035262 /* PBXContainerItemProxy */;
		};
/* End PBXTargetDependency section */

/* Begin PBXVariantGroup section */
		7AE649A523E091A700035262 /* LaunchScreen.storyboard */ = {
			isa = PBXVariantGroup;
			children = (
				7AE649A623E091A700035262 /* Base */,
			);
			name = LaunchScreen.storyboard;
			sourceTree = "<group>";
		};
		F8E307A423E2078300EFE453 /* Main.storyboard */ = {
			isa = PBXVariantGroup;
			children = (
				F8E307A523E2078300EFE453 /* Base */,
			);
			name = Main.storyboard;
			sourceTree = "<group>";
		};
/* End PBXVariantGroup section */

/* Begin XCBuildConfiguration section */
		7AE649B423E091A700035262 /* Debug */ = {
			isa = XCBuildConfiguration;
			buildSettings = {
				ALWAYS_SEARCH_USER_PATHS = NO;
				CLANG_ANALYZER_NONNULL = YES;
				CLANG_ANALYZER_NUMBER_OBJECT_CONVERSION = YES_AGGRESSIVE;
				CLANG_CXX_LANGUAGE_STANDARD = "gnu++14";
				CLANG_CXX_LIBRARY = "libc++";
				CLANG_ENABLE_MODULES = YES;
				CLANG_ENABLE_OBJC_ARC = YES;
				CLANG_ENABLE_OBJC_WEAK = YES;
				CLANG_WARN_BLOCK_CAPTURE_AUTORELEASING = YES;
				CLANG_WARN_BOOL_CONVERSION = YES;
				CLANG_WARN_COMMA = YES;
				CLANG_WARN_CONSTANT_CONVERSION = YES;
				CLANG_WARN_DEPRECATED_OBJC_IMPLEMENTATIONS = YES;
				CLANG_WARN_DIRECT_OBJC_ISA_USAGE = YES_ERROR;
				CLANG_WARN_DOCUMENTATION_COMMENTS = YES;
				CLANG_WARN_EMPTY_BODY = YES;
				CLANG_WARN_ENUM_CONVERSION = YES;
				CLANG_WARN_INFINITE_RECURSION = YES;
				CLANG_WARN_INT_CONVERSION = YES;
				CLANG_WARN_NON_LITERAL_NULL_CONVERSION = YES;
				CLANG_WARN_OBJC_IMPLICIT_RETAIN_SELF = YES;
				CLANG_WARN_OBJC_LITERAL_CONVERSION = YES;
				CLANG_WARN_OBJC_ROOT_CLASS = YES_ERROR;
				CLANG_WARN_RANGE_LOOP_ANALYSIS = YES;
				CLANG_WARN_STRICT_PROTOTYPES = YES;
				CLANG_WARN_SUSPICIOUS_MOVE = YES;
				CLANG_WARN_UNGUARDED_AVAILABILITY = YES_AGGRESSIVE;
				CLANG_WARN_UNREACHABLE_CODE = YES;
				CLANG_WARN__DUPLICATE_METHOD_MATCH = YES;
				COPY_PHASE_STRIP = NO;
				DEBUG_INFORMATION_FORMAT = dwarf;
				ENABLE_STRICT_OBJC_MSGSEND = YES;
				ENABLE_TESTABILITY = YES;
				GCC_C_LANGUAGE_STANDARD = gnu11;
				GCC_DYNAMIC_NO_PIC = NO;
				GCC_NO_COMMON_BLOCKS = YES;
				GCC_OPTIMIZATION_LEVEL = 0;
				GCC_PREPROCESSOR_DEFINITIONS = (
					"DEBUG=1",
					"$(inherited)",
				);
				GCC_WARN_64_TO_32_BIT_CONVERSION = YES;
				GCC_WARN_ABOUT_RETURN_TYPE = YES_ERROR;
				GCC_WARN_UNDECLARED_SELECTOR = YES;
				GCC_WARN_UNINITIALIZED_AUTOS = YES_AGGRESSIVE;
				GCC_WARN_UNUSED_FUNCTION = YES;
				GCC_WARN_UNUSED_VARIABLE = YES;
				IPHONEOS_DEPLOYMENT_TARGET = 13.2;
				MTL_ENABLE_DEBUG_INFO = INCLUDE_SOURCE;
				MTL_FAST_MATH = YES;
				ONLY_ACTIVE_ARCH = YES;
				SDKROOT = iphoneos;
				SWIFT_ACTIVE_COMPILATION_CONDITIONS = DEBUG;
				SWIFT_OPTIMIZATION_LEVEL = "-Onone";
			};
			name = Debug;
		};
		7AE649B523E091A700035262 /* Release */ = {
			isa = XCBuildConfiguration;
			buildSettings = {
				ALWAYS_SEARCH_USER_PATHS = NO;
				CLANG_ANALYZER_NONNULL = YES;
				CLANG_ANALYZER_NUMBER_OBJECT_CONVERSION = YES_AGGRESSIVE;
				CLANG_CXX_LANGUAGE_STANDARD = "gnu++14";
				CLANG_CXX_LIBRARY = "libc++";
				CLANG_ENABLE_MODULES = YES;
				CLANG_ENABLE_OBJC_ARC = YES;
				CLANG_ENABLE_OBJC_WEAK = YES;
				CLANG_WARN_BLOCK_CAPTURE_AUTORELEASING = YES;
				CLANG_WARN_BOOL_CONVERSION = YES;
				CLANG_WARN_COMMA = YES;
				CLANG_WARN_CONSTANT_CONVERSION = YES;
				CLANG_WARN_DEPRECATED_OBJC_IMPLEMENTATIONS = YES;
				CLANG_WARN_DIRECT_OBJC_ISA_USAGE = YES_ERROR;
				CLANG_WARN_DOCUMENTATION_COMMENTS = YES;
				CLANG_WARN_EMPTY_BODY = YES;
				CLANG_WARN_ENUM_CONVERSION = YES;
				CLANG_WARN_INFINITE_RECURSION = YES;
				CLANG_WARN_INT_CONVERSION = YES;
				CLANG_WARN_NON_LITERAL_NULL_CONVERSION = YES;
				CLANG_WARN_OBJC_IMPLICIT_RETAIN_SELF = YES;
				CLANG_WARN_OBJC_LITERAL_CONVERSION = YES;
				CLANG_WARN_OBJC_ROOT_CLASS = YES_ERROR;
				CLANG_WARN_RANGE_LOOP_ANALYSIS = YES;
				CLANG_WARN_STRICT_PROTOTYPES = YES;
				CLANG_WARN_SUSPICIOUS_MOVE = YES;
				CLANG_WARN_UNGUARDED_AVAILABILITY = YES_AGGRESSIVE;
				CLANG_WARN_UNREACHABLE_CODE = YES;
				CLANG_WARN__DUPLICATE_METHOD_MATCH = YES;
				COPY_PHASE_STRIP = NO;
				DEBUG_INFORMATION_FORMAT = "dwarf-with-dsym";
				ENABLE_NS_ASSERTIONS = NO;
				ENABLE_STRICT_OBJC_MSGSEND = YES;
				GCC_C_LANGUAGE_STANDARD = gnu11;
				GCC_NO_COMMON_BLOCKS = YES;
				GCC_WARN_64_TO_32_BIT_CONVERSION = YES;
				GCC_WARN_ABOUT_RETURN_TYPE = YES_ERROR;
				GCC_WARN_UNDECLARED_SELECTOR = YES;
				GCC_WARN_UNINITIALIZED_AUTOS = YES_AGGRESSIVE;
				GCC_WARN_UNUSED_FUNCTION = YES;
				GCC_WARN_UNUSED_VARIABLE = YES;
				IPHONEOS_DEPLOYMENT_TARGET = 13.2;
				MTL_ENABLE_DEBUG_INFO = NO;
				MTL_FAST_MATH = YES;
				SDKROOT = iphoneos;
				SWIFT_COMPILATION_MODE = wholemodule;
				SWIFT_OPTIMIZATION_LEVEL = "-O";
				VALIDATE_PRODUCT = YES;
			};
			name = Release;
		};
		7AE649B723E091A700035262 /* Debug */ = {
			isa = XCBuildConfiguration;
			baseConfigurationReference = 87AF731DACF19667EC88B01C /* Pods-pomo.debug.xcconfig */;
			buildSettings = {
				ASSETCATALOG_COMPILER_APPICON_NAME = AppIcon;
				CODE_SIGN_ENTITLEMENTS = pomo/pomo.entitlements;
				CODE_SIGN_STYLE = Automatic;
				DEVELOPMENT_TEAM = FZ9J437R93;
				INFOPLIST_FILE = pomo/Info.plist;
				IPHONEOS_DEPLOYMENT_TARGET = 13.2;
				LD_RUNPATH_SEARCH_PATHS = (
					"$(inherited)",
					"@executable_path/Frameworks",
				);
				PRODUCT_BUNDLE_IDENTIFIER = egon97;
				PRODUCT_NAME = "$(TARGET_NAME)";
				SWIFT_VERSION = 5.0;
				TARGETED_DEVICE_FAMILY = "1,2";
			};
			name = Debug;
		};
		7AE649B823E091A700035262 /* Release */ = {
			isa = XCBuildConfiguration;
			baseConfigurationReference = D2BA74F2A45C5FE8533B8960 /* Pods-pomo.release.xcconfig */;
			buildSettings = {
				ASSETCATALOG_COMPILER_APPICON_NAME = AppIcon;
				CODE_SIGN_ENTITLEMENTS = pomo/pomo.entitlements;
				CODE_SIGN_STYLE = Automatic;
				DEVELOPMENT_TEAM = FZ9J437R93;
				INFOPLIST_FILE = pomo/Info.plist;
				IPHONEOS_DEPLOYMENT_TARGET = 13.2;
				LD_RUNPATH_SEARCH_PATHS = (
					"$(inherited)",
					"@executable_path/Frameworks",
				);
				PRODUCT_BUNDLE_IDENTIFIER = egon97;
				PRODUCT_NAME = "$(TARGET_NAME)";
				SWIFT_VERSION = 5.0;
				TARGETED_DEVICE_FAMILY = "1,2";
			};
			name = Release;
		};
		7AE649BA23E091A700035262 /* Debug */ = {
			isa = XCBuildConfiguration;
			baseConfigurationReference = C826D234AB3B7581218977B2 /* Pods-pomoTests.debug.xcconfig */;
			buildSettings = {
				ALWAYS_EMBED_SWIFT_STANDARD_LIBRARIES = YES;
				BUNDLE_LOADER = "$(TEST_HOST)";
				CODE_SIGN_STYLE = Automatic;
				DEVELOPMENT_TEAM = FZ9J437R93;
				INFOPLIST_FILE = pomoTests/Info.plist;
				IPHONEOS_DEPLOYMENT_TARGET = 13.2;
				LD_RUNPATH_SEARCH_PATHS = (
					"$(inherited)",
					"@executable_path/Frameworks",
					"@loader_path/Frameworks",
				);
				PRODUCT_BUNDLE_IDENTIFIER = mc.pomoTests;
				PRODUCT_NAME = "$(TARGET_NAME)";
				SWIFT_VERSION = 5.0;
				TARGETED_DEVICE_FAMILY = "1,2";
				TEST_HOST = "$(BUILT_PRODUCTS_DIR)/pomo.app/pomo";
			};
			name = Debug;
		};
		7AE649BB23E091A700035262 /* Release */ = {
			isa = XCBuildConfiguration;
			baseConfigurationReference = 8391444D82A44CB29E0452CF /* Pods-pomoTests.release.xcconfig */;
			buildSettings = {
				ALWAYS_EMBED_SWIFT_STANDARD_LIBRARIES = YES;
				BUNDLE_LOADER = "$(TEST_HOST)";
				CODE_SIGN_STYLE = Automatic;
				DEVELOPMENT_TEAM = FZ9J437R93;
				INFOPLIST_FILE = pomoTests/Info.plist;
				IPHONEOS_DEPLOYMENT_TARGET = 13.2;
				LD_RUNPATH_SEARCH_PATHS = (
					"$(inherited)",
					"@executable_path/Frameworks",
					"@loader_path/Frameworks",
				);
				PRODUCT_BUNDLE_IDENTIFIER = mc.pomoTests;
				PRODUCT_NAME = "$(TARGET_NAME)";
				SWIFT_VERSION = 5.0;
				TARGETED_DEVICE_FAMILY = "1,2";
				TEST_HOST = "$(BUILT_PRODUCTS_DIR)/pomo.app/pomo";
			};
			name = Release;
		};
/* End XCBuildConfiguration section */

/* Begin XCConfigurationList section */
		7AE6498D23E091A600035262 /* Build configuration list for PBXProject "pomo" */ = {
			isa = XCConfigurationList;
			buildConfigurations = (
				7AE649B423E091A700035262 /* Debug */,
				7AE649B523E091A700035262 /* Release */,
			);
			defaultConfigurationIsVisible = 0;
			defaultConfigurationName = Release;
		};
		7AE649B623E091A700035262 /* Build configuration list for PBXNativeTarget "pomo" */ = {
			isa = XCConfigurationList;
			buildConfigurations = (
				7AE649B723E091A700035262 /* Debug */,
				7AE649B823E091A700035262 /* Release */,
			);
			defaultConfigurationIsVisible = 0;
			defaultConfigurationName = Release;
		};
		7AE649B923E091A700035262 /* Build configuration list for PBXNativeTarget "pomoTests" */ = {
			isa = XCConfigurationList;
			buildConfigurations = (
				7AE649BA23E091A700035262 /* Debug */,
				7AE649BB23E091A700035262 /* Release */,
			);
			defaultConfigurationIsVisible = 0;
			defaultConfigurationName = Release;
		};
/* End XCConfigurationList section */

/* Begin XCVersionGroup section */
		7AE649A023E091A600035262 /* pomo.xcdatamodeld */ = {
			isa = XCVersionGroup;
			children = (
				7AE649A123E091A600035262 /* pomo.xcdatamodel */,
			);
			currentVersion = 7AE649A123E091A600035262 /* pomo.xcdatamodel */;
			path = pomo.xcdatamodeld;
			sourceTree = "<group>";
			versionGroupType = wrapper.xcdatamodel;
		};
/* End XCVersionGroup section */
	};
	rootObject = 7AE6498A23E091A600035262 /* Project object */;
}
