// !$*UTF8*$!
{
	archiveVersion = 1;
	classes = {
	};
	objectVersion = 50;
	objects = {

/* Begin PBXBuildFile section */
		7A08025323E1FA7C00FC4C08 /* TaskPickerViewController.swift in Sources */ = {isa = PBXBuildFile; fileRef = 7A08025223E1FA7C00FC4C08 /* TaskPickerViewController.swift */; };
		7A08029123E3648F00FC4C08 /* RoundLabel.swift in Sources */ = {isa = PBXBuildFile; fileRef = 7A08028F23E3648F00FC4C08 /* RoundLabel.swift */; };
		7A08029223E3648F00FC4C08 /* roundbutton.swift in Sources */ = {isa = PBXBuildFile; fileRef = 7A08029023E3648F00FC4C08 /* roundbutton.swift */; };
		7AE6499623E091A600035262 /* AppDelegate.swift in Sources */ = {isa = PBXBuildFile; fileRef = 7AE6499523E091A600035262 /* AppDelegate.swift */; };
		7AE6499823E091A600035262 /* SceneDelegate.swift in Sources */ = {isa = PBXBuildFile; fileRef = 7AE6499723E091A600035262 /* SceneDelegate.swift */; };
		7AE6499A23E091A600035262 /* StatisticsViewController.swift in Sources */ = {isa = PBXBuildFile; fileRef = 7AE6499923E091A600035262 /* StatisticsViewController.swift */; };
		7AE6499C23E091A600035262 /* PomoViewController.swift in Sources */ = {isa = PBXBuildFile; fileRef = 7AE6499B23E091A600035262 /* PomoViewController.swift */; };
		7AE649A223E091A600035262 /* pomo.xcdatamodeld in Sources */ = {isa = PBXBuildFile; fileRef = 7AE649A023E091A600035262 /* pomo.xcdatamodeld */; };
		7AE649A423E091A700035262 /* Assets.xcassets in Resources */ = {isa = PBXBuildFile; fileRef = 7AE649A323E091A700035262 /* Assets.xcassets */; };
		7AE649A723E091A700035262 /* LaunchScreen.storyboard in Resources */ = {isa = PBXBuildFile; fileRef = 7AE649A523E091A700035262 /* LaunchScreen.storyboard */; };
		7AE649B223E091A700035262 /* pomoTests.swift in Sources */ = {isa = PBXBuildFile; fileRef = 7AE649B123E091A700035262 /* pomoTests.swift */; };
		7AE649BD23E0A22800035262 /* BaseTabBarController.swift in Sources */ = {isa = PBXBuildFile; fileRef = 7AE649BC23E0A22800035262 /* BaseTabBarController.swift */; };
		7AE649BF23E0A50B00035262 /* CustomColor.swift in Sources */ = {isa = PBXBuildFile; fileRef = 7AE649BE23E0A50B00035262 /* CustomColor.swift */; };
		7AE649C123E0A5AD00035262 /* ProgressBar.swift in Sources */ = {isa = PBXBuildFile; fileRef = 7AE649C023E0A5AD00035262 /* ProgressBar.swift */; };
		7AE649C523E0B5C900035262 /* CountdownTimer.swift in Sources */ = {isa = PBXBuildFile; fileRef = 7AE649C423E0B5C900035262 /* CountdownTimer.swift */; };
		F8CD69DE23E1B1580013411F /* DayCell.swift in Sources */ = {isa = PBXBuildFile; fileRef = F8CD69DD23E1B1580013411F /* DayCell.swift */; };
		F8E3079923E1C65D00EFE453 /* DayViewController.swift in Sources */ = {isa = PBXBuildFile; fileRef = F8E3079823E1C65D00EFE453 /* DayViewController.swift */; };
		F8E3079B23E1CE6F00EFE453 /* SettingsViewController.swift in Sources */ = {isa = PBXBuildFile; fileRef = F8E3079A23E1CE6F00EFE453 /* SettingsViewController.swift */; };
		F8E3079D23E1D31900EFE453 /* SettingsCell.swift in Sources */ = {isa = PBXBuildFile; fileRef = F8E3079C23E1D31900EFE453 /* SettingsCell.swift */; };
		F8E3079F23E1DAE300EFE453 /* IntervalSettingsTableViewController.swift in Sources */ = {isa = PBXBuildFile; fileRef = F8E3079E23E1DAE300EFE453 /* IntervalSettingsTableViewController.swift */; };
		F8E307A123E1F3C500EFE453 /* TasksSettingsViewController.swift in Sources */ = {isa = PBXBuildFile; fileRef = F8E307A023E1F3C500EFE453 /* TasksSettingsViewController.swift */; };
		F8E307A323E1F72500EFE453 /* AddTaskViewController.swift in Sources */ = {isa = PBXBuildFile; fileRef = F8E307A223E1F72500EFE453 /* AddTaskViewController.swift */; };
		F8E307A623E2078300EFE453 /* Main.storyboard in Resources */ = {isa = PBXBuildFile; fileRef = F8E307A423E2078300EFE453 /* Main.storyboard */; };
		F8E307A823E214EA00EFE453 /* TaskCell.swift in Sources */ = {isa = PBXBuildFile; fileRef = F8E307A723E214EA00EFE453 /* TaskCell.swift */; };
/* End PBXBuildFile section */

/* Begin PBXContainerItemProxy section */
		7AE649AE23E091A700035262 /* PBXContainerItemProxy */ = {
			isa = PBXContainerItemProxy;
			containerPortal = 7AE6498A23E091A600035262 /* Project object */;
			proxyType = 1;
			remoteGlobalIDString = 7AE6499123E091A600035262;
			remoteInfo = pomo;
		};
/* End PBXContainerItemProxy section */

/* Begin PBXFileReference section */
		7A08025223E1FA7C00FC4C08 /* TaskPickerViewController.swift */ = {isa = PBXFileReference; lastKnownFileType = sourcecode.swift; path = TaskPickerViewController.swift; sourceTree = "<group>"; };
		7A08028F23E3648F00FC4C08 /* RoundLabel.swift */ = {isa = PBXFileReference; fileEncoding = 4; lastKnownFileType = sourcecode.swift; path = RoundLabel.swift; sourceTree = "<group>"; };
		7A08029023E3648F00FC4C08 /* roundbutton.swift */ = {isa = PBXFileReference; fileEncoding = 4; lastKnownFileType = sourcecode.swift; path = roundbutton.swift; sourceTree = "<group>"; };
		7AE6499223E091A600035262 /* pomo.app */ = {isa = PBXFileReference; explicitFileType = wrapper.application; includeInIndex = 0; path = pomo.app; sourceTree = BUILT_PRODUCTS_DIR; };
		7AE6499523E091A600035262 /* AppDelegate.swift */ = {isa = PBXFileReference; lastKnownFileType = sourcecode.swift; path = AppDelegate.swift; sourceTree = "<group>"; };
		7AE6499723E091A600035262 /* SceneDelegate.swift */ = {isa = PBXFileReference; lastKnownFileType = sourcecode.swift; path = SceneDelegate.swift; sourceTree = "<group>"; };
		7AE6499923E091A600035262 /* StatisticsViewController.swift */ = {isa = PBXFileReference; lastKnownFileType = sourcecode.swift; path = StatisticsViewController.swift; sourceTree = "<group>"; };
		7AE6499B23E091A600035262 /* PomoViewController.swift */ = {isa = PBXFileReference; lastKnownFileType = sourcecode.swift; path = PomoViewController.swift; sourceTree = "<group>"; };
		7AE649A123E091A600035262 /* pomo.xcdatamodel */ = {isa = PBXFileReference; lastKnownFileType = wrapper.xcdatamodel; path = pomo.xcdatamodel; sourceTree = "<group>"; };
		7AE649A323E091A700035262 /* Assets.xcassets */ = {isa = PBXFileReference; lastKnownFileType = folder.assetcatalog; path = Assets.xcassets; sourceTree = "<group>"; };
		7AE649A623E091A700035262 /* Base */ = {isa = PBXFileReference; lastKnownFileType = file.storyboard; name = Base; path = Base.lproj/LaunchScreen.storyboard; sourceTree = "<group>"; };
		7AE649A823E091A700035262 /* Info.plist */ = {isa = PBXFileReference; lastKnownFileType = text.plist.xml; path = Info.plist; sourceTree = "<group>"; };
		7AE649AD23E091A700035262 /* pomoTests.xctest */ = {isa = PBXFileReference; explicitFileType = wrapper.cfbundle; includeInIndex = 0; path = pomoTests.xctest; sourceTree = BUILT_PRODUCTS_DIR; };
		7AE649B123E091A700035262 /* pomoTests.swift */ = {isa = PBXFileReference; lastKnownFileType = sourcecode.swift; path = pomoTests.swift; sourceTree = "<group>"; };
		7AE649B323E091A700035262 /* Info.plist */ = {isa = PBXFileReference; lastKnownFileType = text.plist.xml; path = Info.plist; sourceTree = "<group>"; };
		7AE649BC23E0A22800035262 /* BaseTabBarController.swift */ = {isa = PBXFileReference; lastKnownFileType = sourcecode.swift; path = BaseTabBarController.swift; sourceTree = "<group>"; };
		7AE649BE23E0A50B00035262 /* CustomColor.swift */ = {isa = PBXFileReference; lastKnownFileType = sourcecode.swift; path = CustomColor.swift; sourceTree = "<group>"; };
		7AE649C023E0A5AD00035262 /* ProgressBar.swift */ = {isa = PBXFileReference; lastKnownFileType = sourcecode.swift; path = ProgressBar.swift; sourceTree = "<group>"; };
		7AE649C423E0B5C900035262 /* CountdownTimer.swift */ = {isa = PBXFileReference; lastKnownFileType = sourcecode.swift; path = CountdownTimer.swift; sourceTree = "<group>"; };
		F8CD69DD23E1B1580013411F /* DayCell.swift */ = {isa = PBXFileReference; lastKnownFileType = sourcecode.swift; path = DayCell.swift; sourceTree = "<group>"; };
		F8E3079823E1C65D00EFE453 /* DayViewController.swift */ = {isa = PBXFileReference; lastKnownFileType = sourcecode.swift; path = DayViewController.swift; sourceTree = "<group>"; };
		F8E3079A23E1CE6F00EFE453 /* SettingsViewController.swift */ = {isa = PBXFileReference; lastKnownFileType = sourcecode.swift; path = SettingsViewController.swift; sourceTree = "<group>"; };
		F8E3079C23E1D31900EFE453 /* SettingsCell.swift */ = {isa = PBXFileReference; lastKnownFileType = sourcecode.swift; path = SettingsCell.swift; sourceTree = "<group>"; };
		F8E3079E23E1DAE300EFE453 /* IntervalSettingsTableViewController.swift */ = {isa = PBXFileReference; lastKnownFileType = sourcecode.swift; path = IntervalSettingsTableViewController.swift; sourceTree = "<group>"; };
		F8E307A023E1F3C500EFE453 /* TasksSettingsViewController.swift */ = {isa = PBXFileReference; lastKnownFileType = sourcecode.swift; path = TasksSettingsViewController.swift; sourceTree = "<group>"; };
		F8E307A223E1F72500EFE453 /* AddTaskViewController.swift */ = {isa = PBXFileReference; lastKnownFileType = sourcecode.swift; path = AddTaskViewController.swift; sourceTree = "<group>"; };
		F8E307A523E2078300EFE453 /* Base */ = {isa = PBXFileReference; lastKnownFileType = file.storyboard; name = Base; path = Base.lproj/Main.storyboard; sourceTree = "<group>"; };
		F8E307A723E214EA00EFE453 /* TaskCell.swift */ = {isa = PBXFileReference; lastKnownFileType = sourcecode.swift; path = TaskCell.swift; sourceTree = "<group>"; };
/* End PBXFileReference section */

/* Begin PBXFrameworksBuildPhase section */
		7AE6498F23E091A600035262 /* Frameworks */ = {
			isa = PBXFrameworksBuildPhase;
			buildActionMask = 2147483647;
			files = (
			);
			runOnlyForDeploymentPostprocessing = 0;
		};
		7AE649AA23E091A700035262 /* Frameworks */ = {
			isa = PBXFrameworksBuildPhase;
			buildActionMask = 2147483647;
			files = (
			);
			runOnlyForDeploymentPostprocessing = 0;
		};
/* End PBXFrameworksBuildPhase section */

/* Begin PBXGroup section */
		7A08028E23E3644600FC4C08 /* Button_Label_Round */ = {
			isa = PBXGroup;
			children = (
				7A08029023E3648F00FC4C08 /* roundbutton.swift */,
				7A08028F23E3648F00FC4C08 /* RoundLabel.swift */,
			);
			path = Button_Label_Round;
			sourceTree = "<group>";
		};
		7AE6498923E091A600035262 = {
			isa = PBXGroup;
			children = (
				7AE6499423E091A600035262 /* pomo */,
				7AE649B023E091A700035262 /* pomoTests */,
				7AE6499323E091A600035262 /* Products */,
			);
			sourceTree = "<group>";
		};
		7AE6499323E091A600035262 /* Products */ = {
			isa = PBXGroup;
			children = (
				7AE6499223E091A600035262 /* pomo.app */,
				7AE649AD23E091A700035262 /* pomoTests.xctest */,
			);
			name = Products;
			sourceTree = "<group>";
		};
		7AE6499423E091A600035262 /* pomo */ = {
			isa = PBXGroup;
			children = (
				7A08028E23E3644600FC4C08 /* Button_Label_Round */,
				F8E307A423E2078300EFE453 /* Main.storyboard */,
				7AE6499523E091A600035262 /* AppDelegate.swift */,
				7AE6499B23E091A600035262 /* PomoViewController.swift */,
				7AE6499723E091A600035262 /* SceneDelegate.swift */,
				7AE649C023E0A5AD00035262 /* ProgressBar.swift */,
				7AE649BE23E0A50B00035262 /* CustomColor.swift */,
				7AE649A323E091A700035262 /* Assets.xcassets */,
				7AE6499923E091A600035262 /* StatisticsViewController.swift */,
				7AE649A523E091A700035262 /* LaunchScreen.storyboard */,
				7AE649A823E091A700035262 /* Info.plist */,
				7AE649A023E091A600035262 /* pomo.xcdatamodeld */,
				7AE649BC23E0A22800035262 /* BaseTabBarController.swift */,
				7AE649C423E0B5C900035262 /* CountdownTimer.swift */,
				F8CD69DD23E1B1580013411F /* DayCell.swift */,
				F8E3079823E1C65D00EFE453 /* DayViewController.swift */,
				F8E3079A23E1CE6F00EFE453 /* SettingsViewController.swift */,
				F8E3079C23E1D31900EFE453 /* SettingsCell.swift */,
				F8E3079E23E1DAE300EFE453 /* IntervalSettingsTableViewController.swift */,
				F8E307A023E1F3C500EFE453 /* TasksSettingsViewController.swift */,
				F8E307A223E1F72500EFE453 /* AddTaskViewController.swift */,
				F8E307A723E214EA00EFE453 /* TaskCell.swift */,
				7A08025223E1FA7C00FC4C08 /* TaskPickerViewController.swift */,
			);
			path = pomo;
			sourceTree = "<group>";
		};
		7AE649B023E091A700035262 /* pomoTests */ = {
			isa = PBXGroup;
			children = (
				7AE649B123E091A700035262 /* pomoTests.swift */,
				7AE649B323E091A700035262 /* Info.plist */,
			);
			path = pomoTests;
			sourceTree = "<group>";
		};
/* End PBXGroup section */

/* Begin PBXNativeTarget section */
		7AE6499123E091A600035262 /* pomo */ = {
			isa = PBXNativeTarget;
			buildConfigurationList = 7AE649B623E091A700035262 /* Build configuration list for PBXNativeTarget "pomo" */;
			buildPhases = (
				7AE6498E23E091A600035262 /* Sources */,
				7AE6498F23E091A600035262 /* Frameworks */,
				7AE6499023E091A600035262 /* Resources */,
			);
			buildRules = (
			);
			dependencies = (
			);
			name = pomo;
			productName = pomo;
			productReference = 7AE6499223E091A600035262 /* pomo.app */;
			productType = "com.apple.product-type.application";
		};
		7AE649AC23E091A700035262 /* pomoTests */ = {
			isa = PBXNativeTarget;
			buildConfigurationList = 7AE649B923E091A700035262 /* Build configuration list for PBXNativeTarget "pomoTests" */;
			buildPhases = (
				7AE649A923E091A700035262 /* Sources */,
				7AE649AA23E091A700035262 /* Frameworks */,
				7AE649AB23E091A700035262 /* Resources */,
			);
			buildRules = (
			);
			dependencies = (
				7AE649AF23E091A700035262 /* PBXTargetDependency */,
			);
			name = pomoTests;
			productName = pomoTests;
			productReference = 7AE649AD23E091A700035262 /* pomoTests.xctest */;
			productType = "com.apple.product-type.bundle.unit-test";
		};
/* End PBXNativeTarget section */

/* Begin PBXProject section */
		7AE6498A23E091A600035262 /* Project object */ = {
			isa = PBXProject;
			attributes = {
				LastSwiftUpdateCheck = 1130;
				LastUpgradeCheck = 1130;
				ORGANIZATIONNAME = "Egon Manya";
				TargetAttributes = {
					7AE6499123E091A600035262 = {
						CreatedOnToolsVersion = 11.3.1;
					};
					7AE649AC23E091A700035262 = {
						CreatedOnToolsVersion = 11.3.1;
						TestTargetID = 7AE6499123E091A600035262;
					};
				};
			};
			buildConfigurationList = 7AE6498D23E091A600035262 /* Build configuration list for PBXProject "pomo" */;
			compatibilityVersion = "Xcode 9.3";
			developmentRegion = en;
			hasScannedForEncodings = 0;
			knownRegions = (
				en,
				Base,
			);
			mainGroup = 7AE6498923E091A600035262;
			productRefGroup = 7AE6499323E091A600035262 /* Products */;
			projectDirPath = "";
			projectRoot = "";
			targets = (
				7AE6499123E091A600035262 /* pomo */,
				7AE649AC23E091A700035262 /* pomoTests */,
			);
		};
/* End PBXProject section */

/* Begin PBXResourcesBuildPhase section */
		7AE6499023E091A600035262 /* Resources */ = {
			isa = PBXResourcesBuildPhase;
			buildActionMask = 2147483647;
			files = (
				F8E307A623E2078300EFE453 /* Main.storyboard in Resources */,
				7AE649A723E091A700035262 /* LaunchScreen.storyboard in Resources */,
				7AE649A423E091A700035262 /* Assets.xcassets in Resources */,
			);
			runOnlyForDeploymentPostprocessing = 0;
		};
		7AE649AB23E091A700035262 /* Resources */ = {
			isa = PBXResourcesBuildPhase;
			buildActionMask = 2147483647;
			files = (
			);
			runOnlyForDeploymentPostprocessing = 0;
		};
/* End PBXResourcesBuildPhase section */

/* Begin PBXSourcesBuildPhase section */
		7AE6498E23E091A600035262 /* Sources */ = {
			isa = PBXSourcesBuildPhase;
			buildActionMask = 2147483647;
			files = (
				7AE6499C23E091A600035262 /* PomoViewController.swift in Sources */,
				F8E307A823E214EA00EFE453 /* TaskCell.swift in Sources */,
				F8E307A323E1F72500EFE453 /* AddTaskViewController.swift in Sources */,
				7AE649BF23E0A50B00035262 /* CustomColor.swift in Sources */,
				7A08029223E3648F00FC4C08 /* roundbutton.swift in Sources */,
				7A08029123E3648F00FC4C08 /* RoundLabel.swift in Sources */,
				F8E3079923E1C65D00EFE453 /* DayViewController.swift in Sources */,
				F8CD69DE23E1B1580013411F /* DayCell.swift in Sources */,
				7A08025323E1FA7C00FC4C08 /* TaskPickerViewController.swift in Sources */,
				F8E3079D23E1D31900EFE453 /* SettingsCell.swift in Sources */,
				7AE649A223E091A600035262 /* pomo.xcdatamodeld in Sources */,
				7AE649BD23E0A22800035262 /* BaseTabBarController.swift in Sources */,
				7AE6499A23E091A600035262 /* StatisticsViewController.swift in Sources */,
				7AE649C523E0B5C900035262 /* CountdownTimer.swift in Sources */,
				F8E3079F23E1DAE300EFE453 /* IntervalSettingsTableViewController.swift in Sources */,
				7AE6499623E091A600035262 /* AppDelegate.swift in Sources */,
				7AE649C123E0A5AD00035262 /* ProgressBar.swift in Sources */,
				7AE6499823E091A600035262 /* SceneDelegate.swift in Sources */,
				F8E3079B23E1CE6F00EFE453 /* SettingsViewController.swift in Sources */,
				F8E307A123E1F3C500EFE453 /* TasksSettingsViewController.swift in Sources */,
			);
			runOnlyForDeploymentPostprocessing = 0;
		};
		7AE649A923E091A700035262 /* Sources */ = {
			isa = PBXSourcesBuildPhase;
			buildActionMask = 2147483647;
			files = (
				7AE649B223E091A700035262 /* pomoTests.swift in Sources */,
			);
			runOnlyForDeploymentPostprocessing = 0;
		};
/* End PBXSourcesBuildPhase section */

/* Begin PBXTargetDependency section */
		7AE649AF23E091A700035262 /* PBXTargetDependency */ = {
			isa = PBXTargetDependency;
			target = 7AE6499123E091A600035262 /* pomo */;
			targetProxy = 7AE649AE23E091A700035262 /* PBXContainerItemProxy */;
		};
/* End PBXTargetDependency section */

/* Begin PBXVariantGroup section */
		7AE649A523E091A700035262 /* LaunchScreen.storyboard */ = {
			isa = PBXVariantGroup;
			children = (
				7AE649A623E091A700035262 /* Base */,
			);
			name = LaunchScreen.storyboard;
			sourceTree = "<group>";
		};
		F8E307A423E2078300EFE453 /* Main.storyboard */ = {
			isa = PBXVariantGroup;
			children = (
				F8E307A523E2078300EFE453 /* Base */,
			);
			name = Main.storyboard;
			sourceTree = "<group>";
		};
/* End PBXVariantGroup section */

/* Begin XCBuildConfiguration section */
		7AE649B423E091A700035262 /* Debug */ = {
			isa = XCBuildConfiguration;
			buildSettings = {
				ALWAYS_SEARCH_USER_PATHS = NO;
				CLANG_ANALYZER_NONNULL = YES;
				CLANG_ANALYZER_NUMBER_OBJECT_CONVERSION = YES_AGGRESSIVE;
				CLANG_CXX_LANGUAGE_STANDARD = "gnu++14";
				CLANG_CXX_LIBRARY = "libc++";
				CLANG_ENABLE_MODULES = YES;
				CLANG_ENABLE_OBJC_ARC = YES;
				CLANG_ENABLE_OBJC_WEAK = YES;
				CLANG_WARN_BLOCK_CAPTURE_AUTORELEASING = YES;
				CLANG_WARN_BOOL_CONVERSION = YES;
				CLANG_WARN_COMMA = YES;
				CLANG_WARN_CONSTANT_CONVERSION = YES;
				CLANG_WARN_DEPRECATED_OBJC_IMPLEMENTATIONS = YES;
				CLANG_WARN_DIRECT_OBJC_ISA_USAGE = YES_ERROR;
				CLANG_WARN_DOCUMENTATION_COMMENTS = YES;
				CLANG_WARN_EMPTY_BODY = YES;
				CLANG_WARN_ENUM_CONVERSION = YES;
				CLANG_WARN_INFINITE_RECURSION = YES;
				CLANG_WARN_INT_CONVERSION = YES;
				CLANG_WARN_NON_LITERAL_NULL_CONVERSION = YES;
				CLANG_WARN_OBJC_IMPLICIT_RETAIN_SELF = YES;
				CLANG_WARN_OBJC_LITERAL_CONVERSION = YES;
				CLANG_WARN_OBJC_ROOT_CLASS = YES_ERROR;
				CLANG_WARN_RANGE_LOOP_ANALYSIS = YES;
				CLANG_WARN_STRICT_PROTOTYPES = YES;
				CLANG_WARN_SUSPICIOUS_MOVE = YES;
				CLANG_WARN_UNGUARDED_AVAILABILITY = YES_AGGRESSIVE;
				CLANG_WARN_UNREACHABLE_CODE = YES;
				CLANG_WARN__DUPLICATE_METHOD_MATCH = YES;
				COPY_PHASE_STRIP = NO;
				DEBUG_INFORMATION_FORMAT = dwarf;
				ENABLE_STRICT_OBJC_MSGSEND = YES;
				ENABLE_TESTABILITY = YES;
				GCC_C_LANGUAGE_STANDARD = gnu11;
				GCC_DYNAMIC_NO_PIC = NO;
				GCC_NO_COMMON_BLOCKS = YES;
				GCC_OPTIMIZATION_LEVEL = 0;
				GCC_PREPROCESSOR_DEFINITIONS = (
					"DEBUG=1",
					"$(inherited)",
				);
				GCC_WARN_64_TO_32_BIT_CONVERSION = YES;
				GCC_WARN_ABOUT_RETURN_TYPE = YES_ERROR;
				GCC_WARN_UNDECLARED_SELECTOR = YES;
				GCC_WARN_UNINITIALIZED_AUTOS = YES_AGGRESSIVE;
				GCC_WARN_UNUSED_FUNCTION = YES;
				GCC_WARN_UNUSED_VARIABLE = YES;
				IPHONEOS_DEPLOYMENT_TARGET = 13.2;
				MTL_ENABLE_DEBUG_INFO = INCLUDE_SOURCE;
				MTL_FAST_MATH = YES;
				ONLY_ACTIVE_ARCH = YES;
				SDKROOT = iphoneos;
				SWIFT_ACTIVE_COMPILATION_CONDITIONS = DEBUG;
				SWIFT_OPTIMIZATION_LEVEL = "-Onone";
			};
			name = Debug;
		};
		7AE649B523E091A700035262 /* Release */ = {
			isa = XCBuildConfiguration;
			buildSettings = {
				ALWAYS_SEARCH_USER_PATHS = NO;
				CLANG_ANALYZER_NONNULL = YES;
				CLANG_ANALYZER_NUMBER_OBJECT_CONVERSION = YES_AGGRESSIVE;
				CLANG_CXX_LANGUAGE_STANDARD = "gnu++14";
				CLANG_CXX_LIBRARY = "libc++";
				CLANG_ENABLE_MODULES = YES;
				CLANG_ENABLE_OBJC_ARC = YES;
				CLANG_ENABLE_OBJC_WEAK = YES;
				CLANG_WARN_BLOCK_CAPTURE_AUTORELEASING = YES;
				CLANG_WARN_BOOL_CONVERSION = YES;
				CLANG_WARN_COMMA = YES;
				CLANG_WARN_CONSTANT_CONVERSION = YES;
				CLANG_WARN_DEPRECATED_OBJC_IMPLEMENTATIONS = YES;
				CLANG_WARN_DIRECT_OBJC_ISA_USAGE = YES_ERROR;
				CLANG_WARN_DOCUMENTATION_COMMENTS = YES;
				CLANG_WARN_EMPTY_BODY = YES;
				CLANG_WARN_ENUM_CONVERSION = YES;
				CLANG_WARN_INFINITE_RECURSION = YES;
				CLANG_WARN_INT_CONVERSION = YES;
				CLANG_WARN_NON_LITERAL_NULL_CONVERSION = YES;
				CLANG_WARN_OBJC_IMPLICIT_RETAIN_SELF = YES;
				CLANG_WARN_OBJC_LITERAL_CONVERSION = YES;
				CLANG_WARN_OBJC_ROOT_CLASS = YES_ERROR;
				CLANG_WARN_RANGE_LOOP_ANALYSIS = YES;
				CLANG_WARN_STRICT_PROTOTYPES = YES;
				CLANG_WARN_SUSPICIOUS_MOVE = YES;
				CLANG_WARN_UNGUARDED_AVAILABILITY = YES_AGGRESSIVE;
				CLANG_WARN_UNREACHABLE_CODE = YES;
				CLANG_WARN__DUPLICATE_METHOD_MATCH = YES;
				COPY_PHASE_STRIP = NO;
				DEBUG_INFORMATION_FORMAT = "dwarf-with-dsym";
				ENABLE_NS_ASSERTIONS = NO;
				ENABLE_STRICT_OBJC_MSGSEND = YES;
				GCC_C_LANGUAGE_STANDARD = gnu11;
				GCC_NO_COMMON_BLOCKS = YES;
				GCC_WARN_64_TO_32_BIT_CONVERSION = YES;
				GCC_WARN_ABOUT_RETURN_TYPE = YES_ERROR;
				GCC_WARN_UNDECLARED_SELECTOR = YES;
				GCC_WARN_UNINITIALIZED_AUTOS = YES_AGGRESSIVE;
				GCC_WARN_UNUSED_FUNCTION = YES;
				GCC_WARN_UNUSED_VARIABLE = YES;
				IPHONEOS_DEPLOYMENT_TARGET = 13.2;
				MTL_ENABLE_DEBUG_INFO = NO;
				MTL_FAST_MATH = YES;
				SDKROOT = iphoneos;
				SWIFT_COMPILATION_MODE = wholemodule;
				SWIFT_OPTIMIZATION_LEVEL = "-O";
				VALIDATE_PRODUCT = YES;
			};
			name = Release;
		};
		7AE649B723E091A700035262 /* Debug */ = {
			isa = XCBuildConfiguration;
			buildSettings = {
				ASSETCATALOG_COMPILER_APPICON_NAME = AppIcon;
				CODE_SIGN_STYLE = Automatic;
				DEVELOPMENT_TEAM = G9R3T4GU5H;
				INFOPLIST_FILE = pomo/Info.plist;
				IPHONEOS_DEPLOYMENT_TARGET = 13.2;
				LD_RUNPATH_SEARCH_PATHS = (
					"$(inherited)",
					"@executable_path/Frameworks",
				);
				PRODUCT_BUNDLE_IDENTIFIER = roli;
				PRODUCT_NAME = "$(TARGET_NAME)";
				SWIFT_VERSION = 5.0;
				TARGETED_DEVICE_FAMILY = "1,2";
			};
			name = Debug;
		};
		7AE649B823E091A700035262 /* Release */ = {
			isa = XCBuildConfiguration;
			buildSettings = {
				ASSETCATALOG_COMPILER_APPICON_NAME = AppIcon;
				CODE_SIGN_STYLE = Automatic;
				DEVELOPMENT_TEAM = G9R3T4GU5H;
				INFOPLIST_FILE = pomo/Info.plist;
				IPHONEOS_DEPLOYMENT_TARGET = 13.2;
				LD_RUNPATH_SEARCH_PATHS = (
					"$(inherited)",
					"@executable_path/Frameworks",
				);
				PRODUCT_BUNDLE_IDENTIFIER = roli;
				PRODUCT_NAME = "$(TARGET_NAME)";
				SWIFT_VERSION = 5.0;
				TARGETED_DEVICE_FAMILY = "1,2";
			};
			name = Release;
		};
		7AE649BA23E091A700035262 /* Debug */ = {
			isa = XCBuildConfiguration;
			buildSettings = {
				ALWAYS_EMBED_SWIFT_STANDARD_LIBRARIES = YES;
				BUNDLE_LOADER = "$(TEST_HOST)";
				CODE_SIGN_STYLE = Automatic;
				DEVELOPMENT_TEAM = FZ9J437R93;
				INFOPLIST_FILE = pomoTests/Info.plist;
				IPHONEOS_DEPLOYMENT_TARGET = 13.2;
				LD_RUNPATH_SEARCH_PATHS = (
					"$(inherited)",
					"@executable_path/Frameworks",
					"@loader_path/Frameworks",
				);
				PRODUCT_BUNDLE_IDENTIFIER = mc.pomoTests;
				PRODUCT_NAME = "$(TARGET_NAME)";
				SWIFT_VERSION = 5.0;
				TARGETED_DEVICE_FAMILY = "1,2";
				TEST_HOST = "$(BUILT_PRODUCTS_DIR)/pomo.app/pomo";
			};
			name = Debug;
		};
		7AE649BB23E091A700035262 /* Release */ = {
			isa = XCBuildConfiguration;
			buildSettings = {
				ALWAYS_EMBED_SWIFT_STANDARD_LIBRARIES = YES;
				BUNDLE_LOADER = "$(TEST_HOST)";
				CODE_SIGN_STYLE = Automatic;
				DEVELOPMENT_TEAM = FZ9J437R93;
				INFOPLIST_FILE = pomoTests/Info.plist;
				IPHONEOS_DEPLOYMENT_TARGET = 13.2;
				LD_RUNPATH_SEARCH_PATHS = (
					"$(inherited)",
					"@executable_path/Frameworks",
					"@loader_path/Frameworks",
				);
				PRODUCT_BUNDLE_IDENTIFIER = mc.pomoTests;
				PRODUCT_NAME = "$(TARGET_NAME)";
				SWIFT_VERSION = 5.0;
				TARGETED_DEVICE_FAMILY = "1,2";
				TEST_HOST = "$(BUILT_PRODUCTS_DIR)/pomo.app/pomo";
			};
			name = Release;
		};
/* End XCBuildConfiguration section */

/* Begin XCConfigurationList section */
		7AE6498D23E091A600035262 /* Build configuration list for PBXProject "pomo" */ = {
			isa = XCConfigurationList;
			buildConfigurations = (
				7AE649B423E091A700035262 /* Debug */,
				7AE649B523E091A700035262 /* Release */,
			);
			defaultConfigurationIsVisible = 0;
			defaultConfigurationName = Release;
		};
		7AE649B623E091A700035262 /* Build configuration list for PBXNativeTarget "pomo" */ = {
			isa = XCConfigurationList;
			buildConfigurations = (
				7AE649B723E091A700035262 /* Debug */,
				7AE649B823E091A700035262 /* Release */,
			);
			defaultConfigurationIsVisible = 0;
			defaultConfigurationName = Release;
		};
		7AE649B923E091A700035262 /* Build configuration list for PBXNativeTarget "pomoTests" */ = {
			isa = XCConfigurationList;
			buildConfigurations = (
				7AE649BA23E091A700035262 /* Debug */,
				7AE649BB23E091A700035262 /* Release */,
			);
			defaultConfigurationIsVisible = 0;
			defaultConfigurationName = Release;
		};
/* End XCConfigurationList section */

/* Begin XCVersionGroup section */
		7AE649A023E091A600035262 /* pomo.xcdatamodeld */ = {
			isa = XCVersionGroup;
			children = (
				7AE649A123E091A600035262 /* pomo.xcdatamodel */,
			);
			currentVersion = 7AE649A123E091A600035262 /* pomo.xcdatamodel */;
			path = pomo.xcdatamodeld;
			sourceTree = "<group>";
			versionGroupType = wrapper.xcdatamodel;
		};
/* End XCVersionGroup section */
	};
	rootObject = 7AE6498A23E091A600035262 /* Project object */;
}
